
Microsoft Visual Studio Solution File, Format Version 12.00
# Visual Studio Version 17
VisualStudioVersion = 17.2.32630.192
MinimumVisualStudioVersion = 10.0.40219.1
Project("{FAE04EC0-301F-11D3-BF4B-00C04F79EFBC}") = "Proj_Poo_Pessoa", "Proj_Poo_Pessoa\Proj_Poo_Pessoa.csproj", "{4CD4FCCD-55DD-430F-85C7-FFB7B47363C9}"
EndProject
Global
	GlobalSection(SolutionConfigurationPlatforms) = preSolution
		Debug|Any CPU = Debug|Any CPU
		Release|Any CPU = Release|Any CPU
	EndGlobalSection
	GlobalSection(ProjectConfigurationPlatforms) = postSolution
		{4CD4FCCD-55DD-430F-85C7-FFB7B47363C9}.Debug|Any CPU.ActiveCfg = Debug|Any CPU
		{4CD4FCCD-55DD-430F-85C7-FFB7B47363C9}.Debug|Any CPU.Build.0 = Debug|Any CPU
		{4CD4FCCD-55DD-430F-85C7-FFB7B47363C9}.Release|Any CPU.ActiveCfg = Release|Any CPU
		{4CD4FCCD-55DD-430F-85C7-FFB7B47363C9}.Release|Any CPU.Build.0 = Release|Any CPU
	EndGlobalSection
	GlobalSection(SolutionProperties) = preSolution
		HideSolutionNode = FALSE
	EndGlobalSection
	GlobalSection(ExtensibilityGlobals) = postSolution
		SolutionGuid = {EC69A582-BB6C-4A19-9E68-FCACD9C99CF5}
	EndGlobalSection
EndGlobal
